// !$*UTF8*$!
{
	archiveVersion = 1;
	classes = {
	};
	objectVersion = 51;
	objects = {

/* Begin PBXBuildFile section */
		127DB6197D523FA09ED7C833 /* Pods_GoodEatsTests.framework in Frameworks */ = {isa = PBXBuildFile; fileRef = DFF1880454A69F6BD7FA8BF9 /* Pods_GoodEatsTests.framework */; };
		4FA0AE58DCA55D8206A3ED1C /* Pods_GoodEats_GoodEatsUITests.framework in Frameworks */ = {isa = PBXBuildFile; fileRef = 67E64CCCBC5731AF72615924 /* Pods_GoodEats_GoodEatsUITests.framework */; };
		760B967F269FB74D00CB7F80 /* PostDetailViewController.m in Sources */ = {isa = PBXBuildFile; fileRef = 760B967E269FB74D00CB7F80 /* PostDetailViewController.m */; };
		760B968226A0A9A900CB7F80 /* DishDetailsViewController.m in Sources */ = {isa = PBXBuildFile; fileRef = 760B968126A0A9A900CB7F80 /* DishDetailsViewController.m */; };
		760B968526A0AE1100CB7F80 /* DishPostCell.m in Sources */ = {isa = PBXBuildFile; fileRef = 760B968426A0AE1100CB7F80 /* DishPostCell.m */; };
		76290DA9269CD6F70045095D /* FeedPostCell.m in Sources */ = {isa = PBXBuildFile; fileRef = 76290DA8269CD6F70045095D /* FeedPostCell.m */; };
		76D01CB3269CC89D00288EF2 /* AppDelegate.m in Sources */ = {isa = PBXBuildFile; fileRef = 76D01CB2269CC89D00288EF2 /* AppDelegate.m */; };
		76D01CB6269CC89D00288EF2 /* SceneDelegate.m in Sources */ = {isa = PBXBuildFile; fileRef = 76D01CB5269CC89D00288EF2 /* SceneDelegate.m */; };
		76D01CBC269CC89D00288EF2 /* Main.storyboard in Resources */ = {isa = PBXBuildFile; fileRef = 76D01CBA269CC89D00288EF2 /* Main.storyboard */; };
		76D01CBE269CC89D00288EF2 /* Assets.xcassets in Resources */ = {isa = PBXBuildFile; fileRef = 76D01CBD269CC89D00288EF2 /* Assets.xcassets */; };
		76D01CC1269CC89D00288EF2 /* LaunchScreen.storyboard in Resources */ = {isa = PBXBuildFile; fileRef = 76D01CBF269CC89D00288EF2 /* LaunchScreen.storyboard */; };
		76D01CC4269CC89D00288EF2 /* main.m in Sources */ = {isa = PBXBuildFile; fileRef = 76D01CC3269CC89D00288EF2 /* main.m */; };
		76D01CCE269CC89E00288EF2 /* GoodEatsTests.m in Sources */ = {isa = PBXBuildFile; fileRef = 76D01CCD269CC89E00288EF2 /* GoodEatsTests.m */; };
		76D01CD9269CC89E00288EF2 /* GoodEatsUITests.m in Sources */ = {isa = PBXBuildFile; fileRef = 76D01CD8269CC89E00288EF2 /* GoodEatsUITests.m */; };
		76D01CEB269CC9DD00288EF2 /* LoginViewController.m in Sources */ = {isa = PBXBuildFile; fileRef = 76D01CEA269CC9DD00288EF2 /* LoginViewController.m */; };
		76D01CEE269CD53000288EF2 /* TableFeedViewController.m in Sources */ = {isa = PBXBuildFile; fileRef = 76D01CED269CD53000288EF2 /* TableFeedViewController.m */; };
		76E4576626A775CC0073AB8D /* RestaurantDetailViewController.m in Sources */ = {isa = PBXBuildFile; fileRef = 76E4576526A775CC0073AB8D /* RestaurantDetailViewController.m */; };
		76E49E65269D167D00617E4F /* MapKit.framework in Frameworks */ = {isa = PBXBuildFile; fileRef = 76E49E64269D167D00617E4F /* MapKit.framework */; };
		76E49E68269D1A1800617E4F /* MapViewController.m in Sources */ = {isa = PBXBuildFile; fileRef = 76E49E67269D1A1800617E4F /* MapViewController.m */; };
		76E49E6B269D1DBF00617E4F /* ProfileViewController.m in Sources */ = {isa = PBXBuildFile; fileRef = 76E49E6A269D1DBF00617E4F /* ProfileViewController.m */; };
		76E49E6E269DFEE200617E4F /* Post.m in Sources */ = {isa = PBXBuildFile; fileRef = 76E49E6D269DFEE200617E4F /* Post.m */; };
		76E49E71269E00AC00617E4F /* Restaurant.m in Sources */ = {isa = PBXBuildFile; fileRef = 76E49E70269E00AC00617E4F /* Restaurant.m */; };
		76E49E74269E012000617E4F /* Dish.m in Sources */ = {isa = PBXBuildFile; fileRef = 76E49E73269E012000617E4F /* Dish.m */; };
		76E49E77269E0AF800617E4F /* ComposeViewController.m in Sources */ = {isa = PBXBuildFile; fileRef = 76E49E76269E0AF700617E4F /* ComposeViewController.m */; };
		B1B23EDDB43B6EB5718B7F7F /* Pods_GoodEats.framework in Frameworks */ = {isa = PBXBuildFile; fileRef = 1437E886A076A38FA2C6B6A5 /* Pods_GoodEats.framework */; };
/* End PBXBuildFile section */

/* Begin PBXContainerItemProxy section */
		76D01CCA269CC89E00288EF2 /* PBXContainerItemProxy */ = {
			isa = PBXContainerItemProxy;
			containerPortal = 76D01CA6269CC89D00288EF2 /* Project object */;
			proxyType = 1;
			remoteGlobalIDString = 76D01CAD269CC89D00288EF2;
			remoteInfo = GoodEats;
		};
		76D01CD5269CC89E00288EF2 /* PBXContainerItemProxy */ = {
			isa = PBXContainerItemProxy;
			containerPortal = 76D01CA6269CC89D00288EF2 /* Project object */;
			proxyType = 1;
			remoteGlobalIDString = 76D01CAD269CC89D00288EF2;
			remoteInfo = GoodEats;
		};
/* End PBXContainerItemProxy section */

/* Begin PBXFileReference section */
		1437E886A076A38FA2C6B6A5 /* Pods_GoodEats.framework */ = {isa = PBXFileReference; explicitFileType = wrapper.framework; includeInIndex = 0; path = Pods_GoodEats.framework; sourceTree = BUILT_PRODUCTS_DIR; };
		1E7FEB9258F9684F4811C9E1 /* Pods-GoodEats.release.xcconfig */ = {isa = PBXFileReference; includeInIndex = 1; lastKnownFileType = text.xcconfig; name = "Pods-GoodEats.release.xcconfig"; path = "Target Support Files/Pods-GoodEats/Pods-GoodEats.release.xcconfig"; sourceTree = "<group>"; };
		2260FB7CD2EB643806D5BF33 /* Pods-GoodEats-GoodEatsUITests.release.xcconfig */ = {isa = PBXFileReference; includeInIndex = 1; lastKnownFileType = text.xcconfig; name = "Pods-GoodEats-GoodEatsUITests.release.xcconfig"; path = "Target Support Files/Pods-GoodEats-GoodEatsUITests/Pods-GoodEats-GoodEatsUITests.release.xcconfig"; sourceTree = "<group>"; };
		67E64CCCBC5731AF72615924 /* Pods_GoodEats_GoodEatsUITests.framework */ = {isa = PBXFileReference; explicitFileType = wrapper.framework; includeInIndex = 0; path = Pods_GoodEats_GoodEatsUITests.framework; sourceTree = BUILT_PRODUCTS_DIR; };
		760B967D269FB74D00CB7F80 /* PostDetailViewController.h */ = {isa = PBXFileReference; lastKnownFileType = sourcecode.c.h; path = PostDetailViewController.h; sourceTree = "<group>"; };
		760B967E269FB74D00CB7F80 /* PostDetailViewController.m */ = {isa = PBXFileReference; lastKnownFileType = sourcecode.c.objc; path = PostDetailViewController.m; sourceTree = "<group>"; };
		760B968026A0A9A900CB7F80 /* DishDetailsViewController.h */ = {isa = PBXFileReference; lastKnownFileType = sourcecode.c.h; path = DishDetailsViewController.h; sourceTree = "<group>"; };
		760B968126A0A9A900CB7F80 /* DishDetailsViewController.m */ = {isa = PBXFileReference; lastKnownFileType = sourcecode.c.objc; path = DishDetailsViewController.m; sourceTree = "<group>"; };
		760B968326A0AE1100CB7F80 /* DishPostCell.h */ = {isa = PBXFileReference; lastKnownFileType = sourcecode.c.h; path = DishPostCell.h; sourceTree = "<group>"; };
		760B968426A0AE1100CB7F80 /* DishPostCell.m */ = {isa = PBXFileReference; lastKnownFileType = sourcecode.c.objc; path = DishPostCell.m; sourceTree = "<group>"; };
		76290DA7269CD6F70045095D /* FeedPostCell.h */ = {isa = PBXFileReference; lastKnownFileType = sourcecode.c.h; path = FeedPostCell.h; sourceTree = "<group>"; };
		76290DA8269CD6F70045095D /* FeedPostCell.m */ = {isa = PBXFileReference; lastKnownFileType = sourcecode.c.objc; path = FeedPostCell.m; sourceTree = "<group>"; };
		76D01CAE269CC89D00288EF2 /* GoodEats.app */ = {isa = PBXFileReference; explicitFileType = wrapper.application; includeInIndex = 0; path = GoodEats.app; sourceTree = BUILT_PRODUCTS_DIR; };
		76D01CB1269CC89D00288EF2 /* AppDelegate.h */ = {isa = PBXFileReference; lastKnownFileType = sourcecode.c.h; path = AppDelegate.h; sourceTree = "<group>"; };
		76D01CB2269CC89D00288EF2 /* AppDelegate.m */ = {isa = PBXFileReference; lastKnownFileType = sourcecode.c.objc; path = AppDelegate.m; sourceTree = "<group>"; };
		76D01CB4269CC89D00288EF2 /* SceneDelegate.h */ = {isa = PBXFileReference; lastKnownFileType = sourcecode.c.h; path = SceneDelegate.h; sourceTree = "<group>"; };
		76D01CB5269CC89D00288EF2 /* SceneDelegate.m */ = {isa = PBXFileReference; lastKnownFileType = sourcecode.c.objc; path = SceneDelegate.m; sourceTree = "<group>"; };
		76D01CBB269CC89D00288EF2 /* Base */ = {isa = PBXFileReference; lastKnownFileType = file.storyboard; name = Base; path = Base.lproj/Main.storyboard; sourceTree = "<group>"; };
		76D01CBD269CC89D00288EF2 /* Assets.xcassets */ = {isa = PBXFileReference; lastKnownFileType = folder.assetcatalog; path = Assets.xcassets; sourceTree = "<group>"; };
		76D01CC0269CC89D00288EF2 /* Base */ = {isa = PBXFileReference; lastKnownFileType = file.storyboard; name = Base; path = Base.lproj/LaunchScreen.storyboard; sourceTree = "<group>"; };
		76D01CC2269CC89D00288EF2 /* Info.plist */ = {isa = PBXFileReference; lastKnownFileType = text.plist.xml; path = Info.plist; sourceTree = "<group>"; };
		76D01CC3269CC89D00288EF2 /* main.m */ = {isa = PBXFileReference; lastKnownFileType = sourcecode.c.objc; path = main.m; sourceTree = "<group>"; };
		76D01CC9269CC89E00288EF2 /* GoodEatsTests.xctest */ = {isa = PBXFileReference; explicitFileType = wrapper.cfbundle; includeInIndex = 0; path = GoodEatsTests.xctest; sourceTree = BUILT_PRODUCTS_DIR; };
		76D01CCD269CC89E00288EF2 /* GoodEatsTests.m */ = {isa = PBXFileReference; lastKnownFileType = sourcecode.c.objc; path = GoodEatsTests.m; sourceTree = "<group>"; };
		76D01CCF269CC89E00288EF2 /* Info.plist */ = {isa = PBXFileReference; lastKnownFileType = text.plist.xml; path = Info.plist; sourceTree = "<group>"; };
		76D01CD4269CC89E00288EF2 /* GoodEatsUITests.xctest */ = {isa = PBXFileReference; explicitFileType = wrapper.cfbundle; includeInIndex = 0; path = GoodEatsUITests.xctest; sourceTree = BUILT_PRODUCTS_DIR; };
		76D01CD8269CC89E00288EF2 /* GoodEatsUITests.m */ = {isa = PBXFileReference; lastKnownFileType = sourcecode.c.objc; path = GoodEatsUITests.m; sourceTree = "<group>"; };
		76D01CDA269CC89E00288EF2 /* Info.plist */ = {isa = PBXFileReference; lastKnownFileType = text.plist.xml; path = Info.plist; sourceTree = "<group>"; };
		76D01CE9269CC9DD00288EF2 /* LoginViewController.h */ = {isa = PBXFileReference; lastKnownFileType = sourcecode.c.h; path = LoginViewController.h; sourceTree = "<group>"; };
		76D01CEA269CC9DD00288EF2 /* LoginViewController.m */ = {isa = PBXFileReference; lastKnownFileType = sourcecode.c.objc; path = LoginViewController.m; sourceTree = "<group>"; };
		76D01CEC269CD53000288EF2 /* TableFeedViewController.h */ = {isa = PBXFileReference; lastKnownFileType = sourcecode.c.h; path = TableFeedViewController.h; sourceTree = "<group>"; };
		76D01CED269CD53000288EF2 /* TableFeedViewController.m */ = {isa = PBXFileReference; lastKnownFileType = sourcecode.c.objc; path = TableFeedViewController.m; sourceTree = "<group>"; };
		76E4576426A775CC0073AB8D /* RestaurantDetailViewController.h */ = {isa = PBXFileReference; lastKnownFileType = sourcecode.c.h; path = RestaurantDetailViewController.h; sourceTree = "<group>"; };
		76E4576526A775CC0073AB8D /* RestaurantDetailViewController.m */ = {isa = PBXFileReference; lastKnownFileType = sourcecode.c.objc; path = RestaurantDetailViewController.m; sourceTree = "<group>"; };
		76E49E64269D167D00617E4F /* MapKit.framework */ = {isa = PBXFileReference; lastKnownFileType = wrapper.framework; name = MapKit.framework; path = System/Library/Frameworks/MapKit.framework; sourceTree = SDKROOT; };
		76E49E66269D1A1800617E4F /* MapViewController.h */ = {isa = PBXFileReference; lastKnownFileType = sourcecode.c.h; path = MapViewController.h; sourceTree = "<group>"; };
		76E49E67269D1A1800617E4F /* MapViewController.m */ = {isa = PBXFileReference; lastKnownFileType = sourcecode.c.objc; path = MapViewController.m; sourceTree = "<group>"; };
		76E49E69269D1DBF00617E4F /* ProfileViewController.h */ = {isa = PBXFileReference; lastKnownFileType = sourcecode.c.h; path = ProfileViewController.h; sourceTree = "<group>"; };
		76E49E6A269D1DBF00617E4F /* ProfileViewController.m */ = {isa = PBXFileReference; lastKnownFileType = sourcecode.c.objc; path = ProfileViewController.m; sourceTree = "<group>"; };
		76E49E6C269DFEE200617E4F /* Post.h */ = {isa = PBXFileReference; lastKnownFileType = sourcecode.c.h; path = Post.h; sourceTree = "<group>"; };
		76E49E6D269DFEE200617E4F /* Post.m */ = {isa = PBXFileReference; lastKnownFileType = sourcecode.c.objc; path = Post.m; sourceTree = "<group>"; };
		76E49E6F269E00AC00617E4F /* Restaurant.h */ = {isa = PBXFileReference; lastKnownFileType = sourcecode.c.h; path = Restaurant.h; sourceTree = "<group>"; };
		76E49E70269E00AC00617E4F /* Restaurant.m */ = {isa = PBXFileReference; lastKnownFileType = sourcecode.c.objc; path = Restaurant.m; sourceTree = "<group>"; };
		76E49E72269E012000617E4F /* Dish.h */ = {isa = PBXFileReference; lastKnownFileType = sourcecode.c.h; path = Dish.h; sourceTree = "<group>"; };
		76E49E73269E012000617E4F /* Dish.m */ = {isa = PBXFileReference; lastKnownFileType = sourcecode.c.objc; path = Dish.m; sourceTree = "<group>"; };
		76E49E75269E0AF700617E4F /* ComposeViewController.h */ = {isa = PBXFileReference; lastKnownFileType = sourcecode.c.h; path = ComposeViewController.h; sourceTree = "<group>"; };
		76E49E76269E0AF700617E4F /* ComposeViewController.m */ = {isa = PBXFileReference; lastKnownFileType = sourcecode.c.objc; path = ComposeViewController.m; sourceTree = "<group>"; };
		814318AB1B9F6E3334A7D6EF /* Pods-GoodEatsTests.debug.xcconfig */ = {isa = PBXFileReference; includeInIndex = 1; lastKnownFileType = text.xcconfig; name = "Pods-GoodEatsTests.debug.xcconfig"; path = "Target Support Files/Pods-GoodEatsTests/Pods-GoodEatsTests.debug.xcconfig"; sourceTree = "<group>"; };
		A0E1AF08D6F7B85A11CD2C95 /* Pods-GoodEatsTests.release.xcconfig */ = {isa = PBXFileReference; includeInIndex = 1; lastKnownFileType = text.xcconfig; name = "Pods-GoodEatsTests.release.xcconfig"; path = "Target Support Files/Pods-GoodEatsTests/Pods-GoodEatsTests.release.xcconfig"; sourceTree = "<group>"; };
		DFF1880454A69F6BD7FA8BF9 /* Pods_GoodEatsTests.framework */ = {isa = PBXFileReference; explicitFileType = wrapper.framework; includeInIndex = 0; path = Pods_GoodEatsTests.framework; sourceTree = BUILT_PRODUCTS_DIR; };
		E12611E26DD2D7D09F3AC0A0 /* Pods-GoodEats-GoodEatsUITests.debug.xcconfig */ = {isa = PBXFileReference; includeInIndex = 1; lastKnownFileType = text.xcconfig; name = "Pods-GoodEats-GoodEatsUITests.debug.xcconfig"; path = "Target Support Files/Pods-GoodEats-GoodEatsUITests/Pods-GoodEats-GoodEatsUITests.debug.xcconfig"; sourceTree = "<group>"; };
		F0B3E4351DE789EE4685B40D /* Pods-GoodEats.debug.xcconfig */ = {isa = PBXFileReference; includeInIndex = 1; lastKnownFileType = text.xcconfig; name = "Pods-GoodEats.debug.xcconfig"; path = "Target Support Files/Pods-GoodEats/Pods-GoodEats.debug.xcconfig"; sourceTree = "<group>"; };
/* End PBXFileReference section */

/* Begin PBXFrameworksBuildPhase section */
		76D01CAB269CC89D00288EF2 /* Frameworks */ = {
			isa = PBXFrameworksBuildPhase;
			buildActionMask = 2147483647;
			files = (
				76E49E65269D167D00617E4F /* MapKit.framework in Frameworks */,
				B1B23EDDB43B6EB5718B7F7F /* Pods_GoodEats.framework in Frameworks */,
			);
			runOnlyForDeploymentPostprocessing = 0;
		};
		76D01CC6269CC89E00288EF2 /* Frameworks */ = {
			isa = PBXFrameworksBuildPhase;
			buildActionMask = 2147483647;
			files = (
				127DB6197D523FA09ED7C833 /* Pods_GoodEatsTests.framework in Frameworks */,
			);
			runOnlyForDeploymentPostprocessing = 0;
		};
		76D01CD1269CC89E00288EF2 /* Frameworks */ = {
			isa = PBXFrameworksBuildPhase;
			buildActionMask = 2147483647;
			files = (
				4FA0AE58DCA55D8206A3ED1C /* Pods_GoodEats_GoodEatsUITests.framework in Frameworks */,
			);
			runOnlyForDeploymentPostprocessing = 0;
		};
/* End PBXFrameworksBuildPhase section */

/* Begin PBXGroup section */
		76D01CA5269CC89D00288EF2 = {
			isa = PBXGroup;
			children = (
				76D01CB0269CC89D00288EF2 /* GoodEats */,
				76D01CCC269CC89E00288EF2 /* GoodEatsTests */,
				76D01CD7269CC89E00288EF2 /* GoodEatsUITests */,
				76D01CAF269CC89D00288EF2 /* Products */,
				8194C5A482C318E9F7710FBF /* Pods */,
				FB7CAFC1A465C601B446D61B /* Frameworks */,
			);
			sourceTree = "<group>";
		};
		76D01CAF269CC89D00288EF2 /* Products */ = {
			isa = PBXGroup;
			children = (
				76D01CAE269CC89D00288EF2 /* GoodEats.app */,
				76D01CC9269CC89E00288EF2 /* GoodEatsTests.xctest */,
				76D01CD4269CC89E00288EF2 /* GoodEatsUITests.xctest */,
			);
			name = Products;
			sourceTree = "<group>";
		};
		76D01CB0269CC89D00288EF2 /* GoodEats */ = {
			isa = PBXGroup;
			children = (
				76D01CE8269CC9D100288EF2 /* Models */,
				76D01CE7269CC9CC00288EF2 /* Views */,
				76D01CE6269CC9C000288EF2 /* View Controllers */,
				76D01CB1269CC89D00288EF2 /* AppDelegate.h */,
				76D01CB2269CC89D00288EF2 /* AppDelegate.m */,
				76D01CB4269CC89D00288EF2 /* SceneDelegate.h */,
				76D01CB5269CC89D00288EF2 /* SceneDelegate.m */,
				76D01CBA269CC89D00288EF2 /* Main.storyboard */,
				76D01CBD269CC89D00288EF2 /* Assets.xcassets */,
				76D01CBF269CC89D00288EF2 /* LaunchScreen.storyboard */,
				76D01CC2269CC89D00288EF2 /* Info.plist */,
				76D01CC3269CC89D00288EF2 /* main.m */,
			);
			path = GoodEats;
			sourceTree = "<group>";
		};
		76D01CCC269CC89E00288EF2 /* GoodEatsTests */ = {
			isa = PBXGroup;
			children = (
				76D01CCD269CC89E00288EF2 /* GoodEatsTests.m */,
				76D01CCF269CC89E00288EF2 /* Info.plist */,
			);
			path = GoodEatsTests;
			sourceTree = "<group>";
		};
		76D01CD7269CC89E00288EF2 /* GoodEatsUITests */ = {
			isa = PBXGroup;
			children = (
				76D01CD8269CC89E00288EF2 /* GoodEatsUITests.m */,
				76D01CDA269CC89E00288EF2 /* Info.plist */,
			);
			path = GoodEatsUITests;
			sourceTree = "<group>";
		};
		76D01CE6269CC9C000288EF2 /* View Controllers */ = {
			isa = PBXGroup;
			children = (
				76D01CE9269CC9DD00288EF2 /* LoginViewController.h */,
				76D01CEA269CC9DD00288EF2 /* LoginViewController.m */,
				76D01CEC269CD53000288EF2 /* TableFeedViewController.h */,
				76D01CED269CD53000288EF2 /* TableFeedViewController.m */,
				76E49E66269D1A1800617E4F /* MapViewController.h */,
				76E49E67269D1A1800617E4F /* MapViewController.m */,
				76E49E69269D1DBF00617E4F /* ProfileViewController.h */,
				76E49E6A269D1DBF00617E4F /* ProfileViewController.m */,
				76E49E75269E0AF700617E4F /* ComposeViewController.h */,
				76E49E76269E0AF700617E4F /* ComposeViewController.m */,
				760B967D269FB74D00CB7F80 /* PostDetailViewController.h */,
				760B967E269FB74D00CB7F80 /* PostDetailViewController.m */,
				760B968026A0A9A900CB7F80 /* DishDetailsViewController.h */,
				760B968126A0A9A900CB7F80 /* DishDetailsViewController.m */,
				76E4576426A775CC0073AB8D /* RestaurantDetailViewController.h */,
				76E4576526A775CC0073AB8D /* RestaurantDetailViewController.m */,
			);
			path = "View Controllers";
			sourceTree = "<group>";
		};
		76D01CE7269CC9CC00288EF2 /* Views */ = {
			isa = PBXGroup;
			children = (
				76290DA7269CD6F70045095D /* FeedPostCell.h */,
				76290DA8269CD6F70045095D /* FeedPostCell.m */,
				760B968326A0AE1100CB7F80 /* DishPostCell.h */,
				760B968426A0AE1100CB7F80 /* DishPostCell.m */,
			);
			path = Views;
			sourceTree = "<group>";
		};
		76D01CE8269CC9D100288EF2 /* Models */ = {
			isa = PBXGroup;
			children = (
				76E49E6C269DFEE200617E4F /* Post.h */,
				76E49E6D269DFEE200617E4F /* Post.m */,
				76E49E72269E012000617E4F /* Dish.h */,
				76E49E73269E012000617E4F /* Dish.m */,
				76E49E6F269E00AC00617E4F /* Restaurant.h */,
				76E49E70269E00AC00617E4F /* Restaurant.m */,
			);
			path = Models;
			sourceTree = "<group>";
		};
		8194C5A482C318E9F7710FBF /* Pods */ = {
			isa = PBXGroup;
			children = (
				F0B3E4351DE789EE4685B40D /* Pods-GoodEats.debug.xcconfig */,
				1E7FEB9258F9684F4811C9E1 /* Pods-GoodEats.release.xcconfig */,
				E12611E26DD2D7D09F3AC0A0 /* Pods-GoodEats-GoodEatsUITests.debug.xcconfig */,
				2260FB7CD2EB643806D5BF33 /* Pods-GoodEats-GoodEatsUITests.release.xcconfig */,
				814318AB1B9F6E3334A7D6EF /* Pods-GoodEatsTests.debug.xcconfig */,
				A0E1AF08D6F7B85A11CD2C95 /* Pods-GoodEatsTests.release.xcconfig */,
			);
			path = Pods;
			sourceTree = "<group>";
		};
		FB7CAFC1A465C601B446D61B /* Frameworks */ = {
			isa = PBXGroup;
			children = (
				76E49E64269D167D00617E4F /* MapKit.framework */,
				1437E886A076A38FA2C6B6A5 /* Pods_GoodEats.framework */,
				67E64CCCBC5731AF72615924 /* Pods_GoodEats_GoodEatsUITests.framework */,
				DFF1880454A69F6BD7FA8BF9 /* Pods_GoodEatsTests.framework */,
			);
			name = Frameworks;
			sourceTree = "<group>";
		};
/* End PBXGroup section */

/* Begin PBXNativeTarget section */
		76D01CAD269CC89D00288EF2 /* GoodEats */ = {
			isa = PBXNativeTarget;
			buildConfigurationList = 76D01CDD269CC89E00288EF2 /* Build configuration list for PBXNativeTarget "GoodEats" */;
			buildPhases = (
				3AE7099F086B3AA514C2C7EC /* [CP] Check Pods Manifest.lock */,
				76D01CAA269CC89D00288EF2 /* Sources */,
				76D01CAB269CC89D00288EF2 /* Frameworks */,
				76D01CAC269CC89D00288EF2 /* Resources */,
				CD886115C76F80D79C36D94A /* [CP] Embed Pods Frameworks */,
			);
			buildRules = (
			);
			dependencies = (
			);
			name = GoodEats;
			productName = GoodEats;
			productReference = 76D01CAE269CC89D00288EF2 /* GoodEats.app */;
			productType = "com.apple.product-type.application";
		};
		76D01CC8269CC89E00288EF2 /* GoodEatsTests */ = {
			isa = PBXNativeTarget;
			buildConfigurationList = 76D01CE0269CC89E00288EF2 /* Build configuration list for PBXNativeTarget "GoodEatsTests" */;
			buildPhases = (
				4952723E78901F94AF0260CE /* [CP] Check Pods Manifest.lock */,
				76D01CC5269CC89E00288EF2 /* Sources */,
				76D01CC6269CC89E00288EF2 /* Frameworks */,
				76D01CC7269CC89E00288EF2 /* Resources */,
			);
			buildRules = (
			);
			dependencies = (
				76D01CCB269CC89E00288EF2 /* PBXTargetDependency */,
			);
			name = GoodEatsTests;
			productName = GoodEatsTests;
			productReference = 76D01CC9269CC89E00288EF2 /* GoodEatsTests.xctest */;
			productType = "com.apple.product-type.bundle.unit-test";
		};
		76D01CD3269CC89E00288EF2 /* GoodEatsUITests */ = {
			isa = PBXNativeTarget;
			buildConfigurationList = 76D01CE3269CC89E00288EF2 /* Build configuration list for PBXNativeTarget "GoodEatsUITests" */;
			buildPhases = (
				1099EB8D82CD170C2F2BE648 /* [CP] Check Pods Manifest.lock */,
				76D01CD0269CC89E00288EF2 /* Sources */,
				76D01CD1269CC89E00288EF2 /* Frameworks */,
				76D01CD2269CC89E00288EF2 /* Resources */,
				274B664911E746579090AD5B /* [CP] Embed Pods Frameworks */,
			);
			buildRules = (
			);
			dependencies = (
				76D01CD6269CC89E00288EF2 /* PBXTargetDependency */,
			);
			name = GoodEatsUITests;
			productName = GoodEatsUITests;
			productReference = 76D01CD4269CC89E00288EF2 /* GoodEatsUITests.xctest */;
			productType = "com.apple.product-type.bundle.ui-testing";
		};
/* End PBXNativeTarget section */

/* Begin PBXProject section */
		76D01CA6269CC89D00288EF2 /* Project object */ = {
			isa = PBXProject;
			attributes = {
				LastUpgradeCheck = 1250;
				TargetAttributes = {
					76D01CAD269CC89D00288EF2 = {
						CreatedOnToolsVersion = 12.5.1;
					};
					76D01CC8269CC89E00288EF2 = {
						CreatedOnToolsVersion = 12.5.1;
						TestTargetID = 76D01CAD269CC89D00288EF2;
					};
					76D01CD3269CC89E00288EF2 = {
						CreatedOnToolsVersion = 12.5.1;
						TestTargetID = 76D01CAD269CC89D00288EF2;
					};
				};
			};
			buildConfigurationList = 76D01CA9269CC89D00288EF2 /* Build configuration list for PBXProject "GoodEats" */;
			compatibilityVersion = "Xcode 9.3";
			developmentRegion = en;
			hasScannedForEncodings = 0;
			knownRegions = (
				en,
				Base,
			);
			mainGroup = 76D01CA5269CC89D00288EF2;
			productRefGroup = 76D01CAF269CC89D00288EF2 /* Products */;
			projectDirPath = "";
			projectRoot = "";
			targets = (
				76D01CAD269CC89D00288EF2 /* GoodEats */,
				76D01CC8269CC89E00288EF2 /* GoodEatsTests */,
				76D01CD3269CC89E00288EF2 /* GoodEatsUITests */,
			);
		};
/* End PBXProject section */

/* Begin PBXResourcesBuildPhase section */
		76D01CAC269CC89D00288EF2 /* Resources */ = {
			isa = PBXResourcesBuildPhase;
			buildActionMask = 2147483647;
			files = (
				76D01CC1269CC89D00288EF2 /* LaunchScreen.storyboard in Resources */,
				76D01CBE269CC89D00288EF2 /* Assets.xcassets in Resources */,
				76D01CBC269CC89D00288EF2 /* Main.storyboard in Resources */,
			);
			runOnlyForDeploymentPostprocessing = 0;
		};
		76D01CC7269CC89E00288EF2 /* Resources */ = {
			isa = PBXResourcesBuildPhase;
			buildActionMask = 2147483647;
			files = (
			);
			runOnlyForDeploymentPostprocessing = 0;
		};
		76D01CD2269CC89E00288EF2 /* Resources */ = {
			isa = PBXResourcesBuildPhase;
			buildActionMask = 2147483647;
			files = (
			);
			runOnlyForDeploymentPostprocessing = 0;
		};
/* End PBXResourcesBuildPhase section */

/* Begin PBXShellScriptBuildPhase section */
		1099EB8D82CD170C2F2BE648 /* [CP] Check Pods Manifest.lock */ = {
			isa = PBXShellScriptBuildPhase;
			buildActionMask = 2147483647;
			files = (
			);
			inputFileListPaths = (
			);
			inputPaths = (
				"${PODS_PODFILE_DIR_PATH}/Podfile.lock",
				"${PODS_ROOT}/Manifest.lock",
			);
			name = "[CP] Check Pods Manifest.lock";
			outputFileListPaths = (
			);
			outputPaths = (
				"$(DERIVED_FILE_DIR)/Pods-GoodEats-GoodEatsUITests-checkManifestLockResult.txt",
			);
			runOnlyForDeploymentPostprocessing = 0;
			shellPath = /bin/sh;
			shellScript = "diff \"${PODS_PODFILE_DIR_PATH}/Podfile.lock\" \"${PODS_ROOT}/Manifest.lock\" > /dev/null\nif [ $? != 0 ] ; then\n    # print error to STDERR\n    echo \"error: The sandbox is not in sync with the Podfile.lock. Run 'pod install' or update your CocoaPods installation.\" >&2\n    exit 1\nfi\n# This output is used by Xcode 'outputs' to avoid re-running this script phase.\necho \"SUCCESS\" > \"${SCRIPT_OUTPUT_FILE_0}\"\n";
			showEnvVarsInLog = 0;
		};
		274B664911E746579090AD5B /* [CP] Embed Pods Frameworks */ = {
			isa = PBXShellScriptBuildPhase;
			buildActionMask = 2147483647;
			files = (
			);
			inputFileListPaths = (
				"${PODS_ROOT}/Target Support Files/Pods-GoodEats-GoodEatsUITests/Pods-GoodEats-GoodEatsUITests-frameworks-${CONFIGURATION}-input-files.xcfilelist",
			);
			name = "[CP] Embed Pods Frameworks";
			outputFileListPaths = (
				"${PODS_ROOT}/Target Support Files/Pods-GoodEats-GoodEatsUITests/Pods-GoodEats-GoodEatsUITests-frameworks-${CONFIGURATION}-output-files.xcfilelist",
			);
			runOnlyForDeploymentPostprocessing = 0;
			shellPath = /bin/sh;
			shellScript = "\"${PODS_ROOT}/Target Support Files/Pods-GoodEats-GoodEatsUITests/Pods-GoodEats-GoodEatsUITests-frameworks.sh\"\n";
			showEnvVarsInLog = 0;
		};
		3AE7099F086B3AA514C2C7EC /* [CP] Check Pods Manifest.lock */ = {
			isa = PBXShellScriptBuildPhase;
			buildActionMask = 2147483647;
			files = (
			);
			inputFileListPaths = (
			);
			inputPaths = (
				"${PODS_PODFILE_DIR_PATH}/Podfile.lock",
				"${PODS_ROOT}/Manifest.lock",
			);
			name = "[CP] Check Pods Manifest.lock";
			outputFileListPaths = (
			);
			outputPaths = (
				"$(DERIVED_FILE_DIR)/Pods-GoodEats-checkManifestLockResult.txt",
			);
			runOnlyForDeploymentPostprocessing = 0;
			shellPath = /bin/sh;
			shellScript = "diff \"${PODS_PODFILE_DIR_PATH}/Podfile.lock\" \"${PODS_ROOT}/Manifest.lock\" > /dev/null\nif [ $? != 0 ] ; then\n    # print error to STDERR\n    echo \"error: The sandbox is not in sync with the Podfile.lock. Run 'pod install' or update your CocoaPods installation.\" >&2\n    exit 1\nfi\n# This output is used by Xcode 'outputs' to avoid re-running this script phase.\necho \"SUCCESS\" > \"${SCRIPT_OUTPUT_FILE_0}\"\n";
			showEnvVarsInLog = 0;
		};
		4952723E78901F94AF0260CE /* [CP] Check Pods Manifest.lock */ = {
			isa = PBXShellScriptBuildPhase;
			buildActionMask = 2147483647;
			files = (
			);
			inputFileListPaths = (
			);
			inputPaths = (
				"${PODS_PODFILE_DIR_PATH}/Podfile.lock",
				"${PODS_ROOT}/Manifest.lock",
			);
			name = "[CP] Check Pods Manifest.lock";
			outputFileListPaths = (
			);
			outputPaths = (
				"$(DERIVED_FILE_DIR)/Pods-GoodEatsTests-checkManifestLockResult.txt",
			);
			runOnlyForDeploymentPostprocessing = 0;
			shellPath = /bin/sh;
			shellScript = "diff \"${PODS_PODFILE_DIR_PATH}/Podfile.lock\" \"${PODS_ROOT}/Manifest.lock\" > /dev/null\nif [ $? != 0 ] ; then\n    # print error to STDERR\n    echo \"error: The sandbox is not in sync with the Podfile.lock. Run 'pod install' or update your CocoaPods installation.\" >&2\n    exit 1\nfi\n# This output is used by Xcode 'outputs' to avoid re-running this script phase.\necho \"SUCCESS\" > \"${SCRIPT_OUTPUT_FILE_0}\"\n";
			showEnvVarsInLog = 0;
		};
		CD886115C76F80D79C36D94A /* [CP] Embed Pods Frameworks */ = {
			isa = PBXShellScriptBuildPhase;
			buildActionMask = 2147483647;
			files = (
			);
			inputFileListPaths = (
				"${PODS_ROOT}/Target Support Files/Pods-GoodEats/Pods-GoodEats-frameworks-${CONFIGURATION}-input-files.xcfilelist",
			);
			name = "[CP] Embed Pods Frameworks";
			outputFileListPaths = (
				"${PODS_ROOT}/Target Support Files/Pods-GoodEats/Pods-GoodEats-frameworks-${CONFIGURATION}-output-files.xcfilelist",
			);
			runOnlyForDeploymentPostprocessing = 0;
			shellPath = /bin/sh;
			shellScript = "\"${PODS_ROOT}/Target Support Files/Pods-GoodEats/Pods-GoodEats-frameworks.sh\"\n";
			showEnvVarsInLog = 0;
		};
/* End PBXShellScriptBuildPhase section */

/* Begin PBXSourcesBuildPhase section */
		76D01CAA269CC89D00288EF2 /* Sources */ = {
			isa = PBXSourcesBuildPhase;
			buildActionMask = 2147483647;
			files = (
				76D01CB3269CC89D00288EF2 /* AppDelegate.m in Sources */,
				76290DA9269CD6F70045095D /* FeedPostCell.m in Sources */,
				76E49E6B269D1DBF00617E4F /* ProfileViewController.m in Sources */,
				760B968226A0A9A900CB7F80 /* DishDetailsViewController.m in Sources */,
				760B967F269FB74D00CB7F80 /* PostDetailViewController.m in Sources */,
				76E49E77269E0AF800617E4F /* ComposeViewController.m in Sources */,
				76D01CC4269CC89D00288EF2 /* main.m in Sources */,
				76E49E6E269DFEE200617E4F /* Post.m in Sources */,
				76D01CB6269CC89D00288EF2 /* SceneDelegate.m in Sources */,
				760B968526A0AE1100CB7F80 /* DishPostCell.m in Sources */,
				76E49E71269E00AC00617E4F /* Restaurant.m in Sources */,
				76D01CEE269CD53000288EF2 /* TableFeedViewController.m in Sources */,
				76E4576626A775CC0073AB8D /* RestaurantDetailViewController.m in Sources */,
				76D01CEB269CC9DD00288EF2 /* LoginViewController.m in Sources */,
				76E49E68269D1A1800617E4F /* MapViewController.m in Sources */,
				76E49E74269E012000617E4F /* Dish.m in Sources */,
			);
			runOnlyForDeploymentPostprocessing = 0;
		};
		76D01CC5269CC89E00288EF2 /* Sources */ = {
			isa = PBXSourcesBuildPhase;
			buildActionMask = 2147483647;
			files = (
				76D01CCE269CC89E00288EF2 /* GoodEatsTests.m in Sources */,
			);
			runOnlyForDeploymentPostprocessing = 0;
		};
		76D01CD0269CC89E00288EF2 /* Sources */ = {
			isa = PBXSourcesBuildPhase;
			buildActionMask = 2147483647;
			files = (
				76D01CD9269CC89E00288EF2 /* GoodEatsUITests.m in Sources */,
			);
			runOnlyForDeploymentPostprocessing = 0;
		};
/* End PBXSourcesBuildPhase section */

/* Begin PBXTargetDependency section */
		76D01CCB269CC89E00288EF2 /* PBXTargetDependency */ = {
			isa = PBXTargetDependency;
			target = 76D01CAD269CC89D00288EF2 /* GoodEats */;
			targetProxy = 76D01CCA269CC89E00288EF2 /* PBXContainerItemProxy */;
		};
		76D01CD6269CC89E00288EF2 /* PBXTargetDependency */ = {
			isa = PBXTargetDependency;
			target = 76D01CAD269CC89D00288EF2 /* GoodEats */;
			targetProxy = 76D01CD5269CC89E00288EF2 /* PBXContainerItemProxy */;
		};
/* End PBXTargetDependency section */

/* Begin PBXVariantGroup section */
		76D01CBA269CC89D00288EF2 /* Main.storyboard */ = {
			isa = PBXVariantGroup;
			children = (
				76D01CBB269CC89D00288EF2 /* Base */,
			);
			name = Main.storyboard;
			sourceTree = "<group>";
		};
		76D01CBF269CC89D00288EF2 /* LaunchScreen.storyboard */ = {
			isa = PBXVariantGroup;
			children = (
				76D01CC0269CC89D00288EF2 /* Base */,
			);
			name = LaunchScreen.storyboard;
			sourceTree = "<group>";
		};
/* End PBXVariantGroup section */

/* Begin XCBuildConfiguration section */
		76D01CDB269CC89E00288EF2 /* Debug */ = {
			isa = XCBuildConfiguration;
			buildSettings = {
				ALWAYS_SEARCH_USER_PATHS = NO;
				CLANG_ANALYZER_NONNULL = YES;
				CLANG_ANALYZER_NUMBER_OBJECT_CONVERSION = YES_AGGRESSIVE;
				CLANG_CXX_LANGUAGE_STANDARD = "gnu++14";
				CLANG_CXX_LIBRARY = "libc++";
				CLANG_ENABLE_MODULES = YES;
				CLANG_ENABLE_OBJC_ARC = YES;
				CLANG_ENABLE_OBJC_WEAK = YES;
				CLANG_WARN_BLOCK_CAPTURE_AUTORELEASING = YES;
				CLANG_WARN_BOOL_CONVERSION = YES;
				CLANG_WARN_COMMA = YES;
				CLANG_WARN_CONSTANT_CONVERSION = YES;
				CLANG_WARN_DEPRECATED_OBJC_IMPLEMENTATIONS = YES;
				CLANG_WARN_DIRECT_OBJC_ISA_USAGE = YES_ERROR;
				CLANG_WARN_DOCUMENTATION_COMMENTS = YES;
				CLANG_WARN_EMPTY_BODY = YES;
				CLANG_WARN_ENUM_CONVERSION = YES;
				CLANG_WARN_INFINITE_RECURSION = YES;
				CLANG_WARN_INT_CONVERSION = YES;
				CLANG_WARN_NON_LITERAL_NULL_CONVERSION = YES;
				CLANG_WARN_OBJC_IMPLICIT_RETAIN_SELF = YES;
				CLANG_WARN_OBJC_LITERAL_CONVERSION = YES;
				CLANG_WARN_OBJC_ROOT_CLASS = YES_ERROR;
				CLANG_WARN_QUOTED_INCLUDE_IN_FRAMEWORK_HEADER = YES;
				CLANG_WARN_RANGE_LOOP_ANALYSIS = YES;
				CLANG_WARN_STRICT_PROTOTYPES = YES;
				CLANG_WARN_SUSPICIOUS_MOVE = YES;
				CLANG_WARN_UNGUARDED_AVAILABILITY = YES_AGGRESSIVE;
				CLANG_WARN_UNREACHABLE_CODE = YES;
				CLANG_WARN__DUPLICATE_METHOD_MATCH = YES;
				COPY_PHASE_STRIP = NO;
				DEBUG_INFORMATION_FORMAT = dwarf;
				ENABLE_STRICT_OBJC_MSGSEND = YES;
				ENABLE_TESTABILITY = YES;
				GCC_C_LANGUAGE_STANDARD = gnu11;
				GCC_DYNAMIC_NO_PIC = NO;
				GCC_NO_COMMON_BLOCKS = YES;
				GCC_OPTIMIZATION_LEVEL = 0;
				GCC_PREPROCESSOR_DEFINITIONS = (
					"DEBUG=1",
					"$(inherited)",
				);
				GCC_WARN_64_TO_32_BIT_CONVERSION = YES;
				GCC_WARN_ABOUT_RETURN_TYPE = YES_ERROR;
				GCC_WARN_UNDECLARED_SELECTOR = YES;
				GCC_WARN_UNINITIALIZED_AUTOS = YES_AGGRESSIVE;
				GCC_WARN_UNUSED_FUNCTION = YES;
				GCC_WARN_UNUSED_VARIABLE = YES;
				IPHONEOS_DEPLOYMENT_TARGET = 14.5;
				MTL_ENABLE_DEBUG_INFO = INCLUDE_SOURCE;
				MTL_FAST_MATH = YES;
				ONLY_ACTIVE_ARCH = YES;
				SDKROOT = iphoneos;
			};
			name = Debug;
		};
		76D01CDC269CC89E00288EF2 /* Release */ = {
			isa = XCBuildConfiguration;
			buildSettings = {
				ALWAYS_SEARCH_USER_PATHS = NO;
				CLANG_ANALYZER_NONNULL = YES;
				CLANG_ANALYZER_NUMBER_OBJECT_CONVERSION = YES_AGGRESSIVE;
				CLANG_CXX_LANGUAGE_STANDARD = "gnu++14";
				CLANG_CXX_LIBRARY = "libc++";
				CLANG_ENABLE_MODULES = YES;
				CLANG_ENABLE_OBJC_ARC = YES;
				CLANG_ENABLE_OBJC_WEAK = YES;
				CLANG_WARN_BLOCK_CAPTURE_AUTORELEASING = YES;
				CLANG_WARN_BOOL_CONVERSION = YES;
				CLANG_WARN_COMMA = YES;
				CLANG_WARN_CONSTANT_CONVERSION = YES;
				CLANG_WARN_DEPRECATED_OBJC_IMPLEMENTATIONS = YES;
				CLANG_WARN_DIRECT_OBJC_ISA_USAGE = YES_ERROR;
				CLANG_WARN_DOCUMENTATION_COMMENTS = YES;
				CLANG_WARN_EMPTY_BODY = YES;
				CLANG_WARN_ENUM_CONVERSION = YES;
				CLANG_WARN_INFINITE_RECURSION = YES;
				CLANG_WARN_INT_CONVERSION = YES;
				CLANG_WARN_NON_LITERAL_NULL_CONVERSION = YES;
				CLANG_WARN_OBJC_IMPLICIT_RETAIN_SELF = YES;
				CLANG_WARN_OBJC_LITERAL_CONVERSION = YES;
				CLANG_WARN_OBJC_ROOT_CLASS = YES_ERROR;
				CLANG_WARN_QUOTED_INCLUDE_IN_FRAMEWORK_HEADER = YES;
				CLANG_WARN_RANGE_LOOP_ANALYSIS = YES;
				CLANG_WARN_STRICT_PROTOTYPES = YES;
				CLANG_WARN_SUSPICIOUS_MOVE = YES;
				CLANG_WARN_UNGUARDED_AVAILABILITY = YES_AGGRESSIVE;
				CLANG_WARN_UNREACHABLE_CODE = YES;
				CLANG_WARN__DUPLICATE_METHOD_MATCH = YES;
				COPY_PHASE_STRIP = NO;
				DEBUG_INFORMATION_FORMAT = "dwarf-with-dsym";
				ENABLE_NS_ASSERTIONS = NO;
				ENABLE_STRICT_OBJC_MSGSEND = YES;
				GCC_C_LANGUAGE_STANDARD = gnu11;
				GCC_NO_COMMON_BLOCKS = YES;
				GCC_WARN_64_TO_32_BIT_CONVERSION = YES;
				GCC_WARN_ABOUT_RETURN_TYPE = YES_ERROR;
				GCC_WARN_UNDECLARED_SELECTOR = YES;
				GCC_WARN_UNINITIALIZED_AUTOS = YES_AGGRESSIVE;
				GCC_WARN_UNUSED_FUNCTION = YES;
				GCC_WARN_UNUSED_VARIABLE = YES;
				IPHONEOS_DEPLOYMENT_TARGET = 14.5;
				MTL_ENABLE_DEBUG_INFO = NO;
				MTL_FAST_MATH = YES;
				SDKROOT = iphoneos;
				VALIDATE_PRODUCT = YES;
			};
			name = Release;
		};
		76D01CDE269CC89E00288EF2 /* Debug */ = {
			isa = XCBuildConfiguration;
			baseConfigurationReference = F0B3E4351DE789EE4685B40D /* Pods-GoodEats.debug.xcconfig */;
			buildSettings = {
				ASSETCATALOG_COMPILER_APPICON_NAME = AppIcon;
				ASSETCATALOG_COMPILER_GLOBAL_ACCENT_COLOR_NAME = AccentColor;
				CODE_SIGN_STYLE = Automatic;
				DEVELOPMENT_TEAM = U4434QKULQ;
				INFOPLIST_FILE = GoodEats/Info.plist;
				LD_RUNPATH_SEARCH_PATHS = (
					"$(inherited)",
					"@executable_path/Frameworks",
				);
				PRODUCT_BUNDLE_IDENTIFIER = com.surbhij.GoodEats;
				PRODUCT_NAME = "$(TARGET_NAME)";
				TARGETED_DEVICE_FAMILY = "1,2";
			};
			name = Debug;
		};
		76D01CDF269CC89E00288EF2 /* Release */ = {
			isa = XCBuildConfiguration;
			baseConfigurationReference = 1E7FEB9258F9684F4811C9E1 /* Pods-GoodEats.release.xcconfig */;
			buildSettings = {
				ASSETCATALOG_COMPILER_APPICON_NAME = AppIcon;
				ASSETCATALOG_COMPILER_GLOBAL_ACCENT_COLOR_NAME = AccentColor;
				CODE_SIGN_STYLE = Automatic;
				DEVELOPMENT_TEAM = U4434QKULQ;
				INFOPLIST_FILE = GoodEats/Info.plist;
				LD_RUNPATH_SEARCH_PATHS = (
					"$(inherited)",
					"@executable_path/Frameworks",
				);
				PRODUCT_BUNDLE_IDENTIFIER = com.surbhij.GoodEats;
				PRODUCT_NAME = "$(TARGET_NAME)";
				TARGETED_DEVICE_FAMILY = "1,2";
			};
			name = Release;
		};
		76D01CE1269CC89E00288EF2 /* Debug */ = {
			isa = XCBuildConfiguration;
			baseConfigurationReference = 814318AB1B9F6E3334A7D6EF /* Pods-GoodEatsTests.debug.xcconfig */;
			buildSettings = {
				BUNDLE_LOADER = "$(TEST_HOST)";
				CODE_SIGN_STYLE = Automatic;
				DEVELOPMENT_TEAM = U4434QKULQ;
				INFOPLIST_FILE = GoodEatsTests/Info.plist;
				IPHONEOS_DEPLOYMENT_TARGET = 14.5;
				LD_RUNPATH_SEARCH_PATHS = (
					"$(inherited)",
					"@executable_path/Frameworks",
					"@loader_path/Frameworks",
				);
				PRODUCT_BUNDLE_IDENTIFIER = com.surbhij.GoodEatsTests;
				PRODUCT_NAME = "$(TARGET_NAME)";
				TARGETED_DEVICE_FAMILY = "1,2";
				TEST_HOST = "$(BUILT_PRODUCTS_DIR)/GoodEats.app/GoodEats";
			};
			name = Debug;
		};
		76D01CE2269CC89E00288EF2 /* Release */ = {
			isa = XCBuildConfiguration;
			baseConfigurationReference = A0E1AF08D6F7B85A11CD2C95 /* Pods-GoodEatsTests.release.xcconfig */;
			buildSettings = {
				BUNDLE_LOADER = "$(TEST_HOST)";
				CODE_SIGN_STYLE = Automatic;
				DEVELOPMENT_TEAM = U4434QKULQ;
				INFOPLIST_FILE = GoodEatsTests/Info.plist;
				IPHONEOS_DEPLOYMENT_TARGET = 14.5;
				LD_RUNPATH_SEARCH_PATHS = (
					"$(inherited)",
					"@executable_path/Frameworks",
					"@loader_path/Frameworks",
				);
				PRODUCT_BUNDLE_IDENTIFIER = com.surbhij.GoodEatsTests;
				PRODUCT_NAME = "$(TARGET_NAME)";
				TARGETED_DEVICE_FAMILY = "1,2";
				TEST_HOST = "$(BUILT_PRODUCTS_DIR)/GoodEats.app/GoodEats";
			};
			name = Release;
		};
		76D01CE4269CC89E00288EF2 /* Debug */ = {
			isa = XCBuildConfiguration;
			baseConfigurationReference = E12611E26DD2D7D09F3AC0A0 /* Pods-GoodEats-GoodEatsUITests.debug.xcconfig */;
			buildSettings = {
				CODE_SIGN_STYLE = Automatic;
				DEVELOPMENT_TEAM = U4434QKULQ;
				INFOPLIST_FILE = GoodEatsUITests/Info.plist;
				LD_RUNPATH_SEARCH_PATHS = (
					"$(inherited)",
					"@executable_path/Frameworks",
					"@loader_path/Frameworks",
				);
				PRODUCT_BUNDLE_IDENTIFIER = com.surbhij.GoodEatsUITests;
				PRODUCT_NAME = "$(TARGET_NAME)";
				TARGETED_DEVICE_FAMILY = "1,2";
				TEST_TARGET_NAME = GoodEats;
			};
			name = Debug;
		};
		76D01CE5269CC89E00288EF2 /* Release */ = {
			isa = XCBuildConfiguration;
			baseConfigurationReference = 2260FB7CD2EB643806D5BF33 /* Pods-GoodEats-GoodEatsUITests.release.xcconfig */;
			buildSettings = {
				CODE_SIGN_STYLE = Automatic;
				DEVELOPMENT_TEAM = U4434QKULQ;
				INFOPLIST_FILE = GoodEatsUITests/Info.plist;
				LD_RUNPATH_SEARCH_PATHS = (
					"$(inherited)",
					"@executable_path/Frameworks",
					"@loader_path/Frameworks",
				);
				PRODUCT_BUNDLE_IDENTIFIER = com.surbhij.GoodEatsUITests;
				PRODUCT_NAME = "$(TARGET_NAME)";
				TARGETED_DEVICE_FAMILY = "1,2";
				TEST_TARGET_NAME = GoodEats;
			};
			name = Release;
		};
/* End XCBuildConfiguration section */

/* Begin XCConfigurationList section */
		76D01CA9269CC89D00288EF2 /* Build configuration list for PBXProject "GoodEats" */ = {
			isa = XCConfigurationList;
			buildConfigurations = (
				76D01CDB269CC89E00288EF2 /* Debug */,
				76D01CDC269CC89E00288EF2 /* Release */,
			);
			defaultConfigurationIsVisible = 0;
			defaultConfigurationName = Release;
		};
		76D01CDD269CC89E00288EF2 /* Build configuration list for PBXNativeTarget "GoodEats" */ = {
			isa = XCConfigurationList;
			buildConfigurations = (
				76D01CDE269CC89E00288EF2 /* Debug */,
				76D01CDF269CC89E00288EF2 /* Release */,
			);
			defaultConfigurationIsVisible = 0;
			defaultConfigurationName = Release;
		};
		76D01CE0269CC89E00288EF2 /* Build configuration list for PBXNativeTarget "GoodEatsTests" */ = {
			isa = XCConfigurationList;
			buildConfigurations = (
				76D01CE1269CC89E00288EF2 /* Debug */,
				76D01CE2269CC89E00288EF2 /* Release */,
			);
			defaultConfigurationIsVisible = 0;
			defaultConfigurationName = Release;
		};
		76D01CE3269CC89E00288EF2 /* Build configuration list for PBXNativeTarget "GoodEatsUITests" */ = {
			isa = XCConfigurationList;
			buildConfigurations = (
				76D01CE4269CC89E00288EF2 /* Debug */,
				76D01CE5269CC89E00288EF2 /* Release */,
			);
			defaultConfigurationIsVisible = 0;
			defaultConfigurationName = Release;
		};
/* End XCConfigurationList section */
	};
	rootObject = 76D01CA6269CC89D00288EF2 /* Project object */;
}
